
Microsoft Visual Studio Solution File, Format Version 12.00
# Visual Studio Version 17
VisualStudioVersion = 17.0.32112.339
MinimumVisualStudioVersion = 10.0.40219.1
Project("{FAE04EC0-301F-11D3-BF4B-00C04F79EFBC}") = "SekillerDunyasi", "SekillerDunyasi\SekillerDunyasi.csproj", "{E847DE4E-D421-4277-9C5A-239AD08C0FE7}"
EndProject
Global
	GlobalSection(SolutionConfigurationPlatforms) = preSolution
		Debug|Any CPU = Debug|Any CPU
		Release|Any CPU = Release|Any CPU
	EndGlobalSection
	GlobalSection(ProjectConfigurationPlatforms) = postSolution
		{E847DE4E-D421-4277-9C5A-239AD08C0FE7}.Debug|Any CPU.ActiveCfg = Debug|Any CPU
		{E847DE4E-D421-4277-9C5A-239AD08C0FE7}.Debug|Any CPU.Build.0 = Debug|Any CPU
		{E847DE4E-D421-4277-9C5A-239AD08C0FE7}.Release|Any CPU.ActiveCfg = Release|Any CPU
		{E847DE4E-D421-4277-9C5A-239AD08C0FE7}.Release|Any CPU.Build.0 = Release|Any CPU
	EndGlobalSection
	GlobalSection(SolutionProperties) = preSolution
		HideSolutionNode = FALSE
	EndGlobalSection
	GlobalSection(ExtensibilityGlobals) = postSolution
		SolutionGuid = {2B3275A7-3B3D-44B4-AB15-B64B0CFD3E0F}
	EndGlobalSection
EndGlobal
